
Microsoft Visual Studio Solution File, Format Version 12.00
# Visual Studio Version 16
VisualStudioVersion = 16.0.34902.97
MinimumVisualStudioVersion = 10.0.40219.1
Project("{FAE04EC0-301F-11D3-BF4B-00C04F79EFBC}") = "Calculator", "Calculator\Calculator.csproj", "{B8093F2D-247D-4B3F-B3FD-35C997560293}"
EndProject
Global
	GlobalSection(SolutionConfigurationPlatforms) = preSolution
		Debug|Any CPU = Debug|Any CPU
		Release|Any CPU = Release|Any CPU
	EndGlobalSection
	GlobalSection(ProjectConfigurationPlatforms) = postSolution
		{B8093F2D-247D-4B3F-B3FD-35C997560293}.Debug|Any CPU.ActiveCfg = Debug|Any CPU
		{B8093F2D-247D-4B3F-B3FD-35C997560293}.Debug|Any CPU.Build.0 = Debug|Any CPU
		{B8093F2D-247D-4B3F-B3FD-35C997560293}.Release|Any CPU.ActiveCfg = Release|Any CPU
		{B8093F2D-247D-4B3F-B3FD-35C997560293}.Release|Any CPU.Build.0 = Release|Any CPU
	EndGlobalSection
	GlobalSection(SolutionProperties) = preSolution
		HideSolutionNode = FALSE
	EndGlobalSection
	GlobalSection(ExtensibilityGlobals) = postSolution
		SolutionGuid = {4C94F932-0DE7-485C-87AE-7A7511452E4B}
	EndGlobalSection
EndGlobal
