
Microsoft Visual Studio Solution File, Format Version 12.00
# Visual Studio Version 16
VisualStudioVersion = 16.0.35229.62
MinimumVisualStudioVersion = 10.0.40219.1
Project("{FAE04EC0-301F-11D3-BF4B-00C04F79EFBC}") = "OPP-FUNCTION", "OPP-FUNCTION\OPP-FUNCTION.csproj", "{435091AA-F002-49FB-ACF6-2E3EAA5ADB02}"
EndProject
Global
	GlobalSection(SolutionConfigurationPlatforms) = preSolution
		Debug|Any CPU = Debug|Any CPU
		Release|Any CPU = Release|Any CPU
	EndGlobalSection
	GlobalSection(ProjectConfigurationPlatforms) = postSolution
		{435091AA-F002-49FB-ACF6-2E3EAA5ADB02}.Debug|Any CPU.ActiveCfg = Debug|Any CPU
		{435091AA-F002-49FB-ACF6-2E3EAA5ADB02}.Debug|Any CPU.Build.0 = Debug|Any CPU
		{435091AA-F002-49FB-ACF6-2E3EAA5ADB02}.Release|Any CPU.ActiveCfg = Release|Any CPU
		{435091AA-F002-49FB-ACF6-2E3EAA5ADB02}.Release|Any CPU.Build.0 = Release|Any CPU
	EndGlobalSection
	GlobalSection(SolutionProperties) = preSolution
		HideSolutionNode = FALSE
	EndGlobalSection
	GlobalSection(ExtensibilityGlobals) = postSolution
		SolutionGuid = {C008E88F-D5BC-4B7E-829E-A59A9D5895CA}
	EndGlobalSection
EndGlobal
